// !$*UTF8*$!
{
	archiveVersion = 1;
	classes = {
	};
	objectVersion = 50;
	objects = {

/* Begin PBXBuildFile section */
		E50160AF25E827BF0040966F /* Spartan-Bold.ttf in Resources */ = {isa = PBXBuildFile; fileRef = E50160AE25E827BF0040966F /* Spartan-Bold.ttf */; };
		E5134B5325E833C50098C7E6 /* PresentBetter.png in Resources */ = {isa = PBXBuildFile; fileRef = E5134B5225E833C50098C7E6 /* PresentBetter.png */; };
		E5134B5725E835410098C7E6 /* ShapeArt.png in Resources */ = {isa = PBXBuildFile; fileRef = E5134B5625E835410098C7E6 /* ShapeArt.png */; };
		E53AE91E25E80BF400479BF1 /* CustomGraphics.swift in Sources */ = {isa = PBXBuildFile; fileRef = E53AE91D25E80BF400479BF1 /* CustomGraphics.swift */; };
		E53AE92125E811F300479BF1 /* PresentationPreparationView.swift in Sources */ = {isa = PBXBuildFile; fileRef = E53AE92025E811F300479BF1 /* PresentationPreparationView.swift */; };
		E5914D7A25E7516F009A0BC0 /* Now-Regular.otf in Resources */ = {isa = PBXBuildFile; fileRef = E5914D7925E7512D009A0BC0 /* Now-Regular.otf */; };
		E5914D7D25E752D5009A0BC0 /* Now-Bold.otf in Resources */ = {isa = PBXBuildFile; fileRef = E5914D7C25E752D5009A0BC0 /* Now-Bold.otf */; };
		E5914D8025E7540A009A0BC0 /* Montserrat-SemiBold.ttf in Resources */ = {isa = PBXBuildFile; fileRef = E5914D7F25E7540A009A0BC0 /* Montserrat-SemiBold.ttf */; };
		E5914D8325E7577B009A0BC0 /* Now-Medium.otf in Resources */ = {isa = PBXBuildFile; fileRef = E5914D8225E7577B009A0BC0 /* Now-Medium.otf */; };
		E5914D8625E758D0009A0BC0 /* Oswald-VariableFont_wght.ttf in Resources */ = {isa = PBXBuildFile; fileRef = E5914D8525E758D0009A0BC0 /* Oswald-VariableFont_wght.ttf */; };
		E5914D8925E75941009A0BC0 /* Lato-Bold.ttf in Resources */ = {isa = PBXBuildFile; fileRef = E5914D8825E75941009A0BC0 /* Lato-Bold.ttf */; };
		E59A21A025D89CE5009E0082 /* AppDelegate.swift in Sources */ = {isa = PBXBuildFile; fileRef = E59A219F25D89CE5009E0082 /* AppDelegate.swift */; };
		E59A21A225D89CE5009E0082 /* SceneDelegate.swift in Sources */ = {isa = PBXBuildFile; fileRef = E59A21A125D89CE5009E0082 /* SceneDelegate.swift */; };
		E59A21A425D89CE5009E0082 /* PresentationView.swift in Sources */ = {isa = PBXBuildFile; fileRef = E59A21A325D89CE5009E0082 /* PresentationView.swift */; };
		E59A21A725D89CE5009E0082 /* Main.storyboard in Resources */ = {isa = PBXBuildFile; fileRef = E59A21A525D89CE5009E0082 /* Main.storyboard */; };
		E59A21A925D89CE7009E0082 /* Assets.xcassets in Resources */ = {isa = PBXBuildFile; fileRef = E59A21A825D89CE7009E0082 /* Assets.xcassets */; };
		E59A21AC25D89CE7009E0082 /* LaunchScreen.storyboard in Resources */ = {isa = PBXBuildFile; fileRef = E59A21AA25D89CE7009E0082 /* LaunchScreen.storyboard */; };
		E5B7DDE125DA43CF00EBE2E5 /* emotion_image_input.mlmodel in Sources */ = {isa = PBXBuildFile; fileRef = E5B7DDE025DA43CF00EBE2E5 /* emotion_image_input.mlmodel */; };
		E5B7DDE425DAC49100EBE2E5 /* MLProvider.swift in Sources */ = {isa = PBXBuildFile; fileRef = E5B7DDE325DAC49100EBE2E5 /* MLProvider.swift */; };
		E5D2723E25E351400026CF41 /* FeedbackView.swift in Sources */ = {isa = PBXBuildFile; fileRef = E5D2723D25E351400026CF41 /* FeedbackView.swift */; };
/* End PBXBuildFile section */

/* Begin PBXFileReference section */
		E50160AE25E827BF0040966F /* Spartan-Bold.ttf */ = {isa = PBXFileReference; lastKnownFileType = file; path = "Spartan-Bold.ttf"; sourceTree = "<group>"; };
		E5134B5225E833C50098C7E6 /* PresentBetter.png */ = {isa = PBXFileReference; lastKnownFileType = image.png; path = PresentBetter.png; sourceTree = "<group>"; };
		E5134B5625E835410098C7E6 /* ShapeArt.png */ = {isa = PBXFileReference; lastKnownFileType = image.png; path = ShapeArt.png; sourceTree = "<group>"; };
		E53AE91D25E80BF400479BF1 /* CustomGraphics.swift */ = {isa = PBXFileReference; lastKnownFileType = sourcecode.swift; path = CustomGraphics.swift; sourceTree = "<group>"; };
		E53AE92025E811F300479BF1 /* PresentationPreparationView.swift */ = {isa = PBXFileReference; lastKnownFileType = sourcecode.swift; path = PresentationPreparationView.swift; sourceTree = "<group>"; };
		E5914D7925E7512D009A0BC0 /* Now-Regular.otf */ = {isa = PBXFileReference; lastKnownFileType = file; path = "Now-Regular.otf"; sourceTree = "<group>"; };
		E5914D7C25E752D5009A0BC0 /* Now-Bold.otf */ = {isa = PBXFileReference; lastKnownFileType = file; path = "Now-Bold.otf"; sourceTree = "<group>"; };
		E5914D7F25E7540A009A0BC0 /* Montserrat-SemiBold.ttf */ = {isa = PBXFileReference; lastKnownFileType = file; path = "Montserrat-SemiBold.ttf"; sourceTree = "<group>"; };
		E5914D8225E7577B009A0BC0 /* Now-Medium.otf */ = {isa = PBXFileReference; lastKnownFileType = file; path = "Now-Medium.otf"; sourceTree = "<group>"; };
		E5914D8525E758D0009A0BC0 /* Oswald-VariableFont_wght.ttf */ = {isa = PBXFileReference; lastKnownFileType = file; path = "Oswald-VariableFont_wght.ttf"; sourceTree = "<group>"; };
		E5914D8825E75941009A0BC0 /* Lato-Bold.ttf */ = {isa = PBXFileReference; lastKnownFileType = file; path = "Lato-Bold.ttf"; sourceTree = "<group>"; };
		E59A219C25D89CE5009E0082 /* PresentBetter.app */ = {isa = PBXFileReference; explicitFileType = wrapper.application; includeInIndex = 0; path = PresentBetter.app; sourceTree = BUILT_PRODUCTS_DIR; };
		E59A219F25D89CE5009E0082 /* AppDelegate.swift */ = {isa = PBXFileReference; lastKnownFileType = sourcecode.swift; path = AppDelegate.swift; sourceTree = "<group>"; };
		E59A21A125D89CE5009E0082 /* SceneDelegate.swift */ = {isa = PBXFileReference; lastKnownFileType = sourcecode.swift; path = SceneDelegate.swift; sourceTree = "<group>"; };
		E59A21A325D89CE5009E0082 /* PresentationView.swift */ = {isa = PBXFileReference; lastKnownFileType = sourcecode.swift; path = PresentationView.swift; sourceTree = "<group>"; };
		E59A21A625D89CE5009E0082 /* Base */ = {isa = PBXFileReference; lastKnownFileType = file.storyboard; name = Base; path = Base.lproj/Main.storyboard; sourceTree = "<group>"; };
		E59A21A825D89CE7009E0082 /* Assets.xcassets */ = {isa = PBXFileReference; lastKnownFileType = folder.assetcatalog; path = Assets.xcassets; sourceTree = "<group>"; };
		E59A21AB25D89CE7009E0082 /* Base */ = {isa = PBXFileReference; lastKnownFileType = file.storyboard; name = Base; path = Base.lproj/LaunchScreen.storyboard; sourceTree = "<group>"; };
		E59A21AD25D89CE7009E0082 /* Info.plist */ = {isa = PBXFileReference; lastKnownFileType = text.plist.xml; path = Info.plist; sourceTree = "<group>"; };
		E5B7DDE025DA43CF00EBE2E5 /* emotion_image_input.mlmodel */ = {isa = PBXFileReference; lastKnownFileType = file.mlmodel; path = emotion_image_input.mlmodel; sourceTree = "<group>"; };
		E5B7DDE325DAC49100EBE2E5 /* MLProvider.swift */ = {isa = PBXFileReference; lastKnownFileType = sourcecode.swift; path = MLProvider.swift; sourceTree = "<group>"; };
		E5D2723D25E351400026CF41 /* FeedbackView.swift */ = {isa = PBXFileReference; lastKnownFileType = sourcecode.swift; path = FeedbackView.swift; sourceTree = "<group>"; };
/* End PBXFileReference section */

/* Begin PBXFrameworksBuildPhase section */
		E59A219925D89CE5009E0082 /* Frameworks */ = {
			isa = PBXFrameworksBuildPhase;
			buildActionMask = 2147483647;
			files = (
			);
			runOnlyForDeploymentPostprocessing = 0;
		};
/* End PBXFrameworksBuildPhase section */

/* Begin PBXGroup section */
		E5134B4E25E833B40098C7E6 /* Images */ = {
			isa = PBXGroup;
			children = (
				E5134B5625E835410098C7E6 /* ShapeArt.png */,
				E5134B5225E833C50098C7E6 /* PresentBetter.png */,
			);
			path = Images;
			sourceTree = "<group>";
		};
		E5914D7825E75116009A0BC0 /* Fonts */ = {
			isa = PBXGroup;
			children = (
				E5914D8225E7577B009A0BC0 /* Now-Medium.otf */,
				E5914D7925E7512D009A0BC0 /* Now-Regular.otf */,
				E5914D7C25E752D5009A0BC0 /* Now-Bold.otf */,
				E5914D7F25E7540A009A0BC0 /* Montserrat-SemiBold.ttf */,
				E5914D8525E758D0009A0BC0 /* Oswald-VariableFont_wght.ttf */,
				E5914D8825E75941009A0BC0 /* Lato-Bold.ttf */,
				E50160AE25E827BF0040966F /* Spartan-Bold.ttf */,
			);
			path = Fonts;
			sourceTree = "<group>";
		};
		E59A219325D89CE5009E0082 = {
			isa = PBXGroup;
			children = (
				E59A219E25D89CE5009E0082 /* PresentBetter */,
				E59A219D25D89CE5009E0082 /* Products */,
			);
			sourceTree = "<group>";
		};
		E59A219D25D89CE5009E0082 /* Products */ = {
			isa = PBXGroup;
			children = (
				E59A219C25D89CE5009E0082 /* PresentBetter.app */,
			);
			name = Products;
			sourceTree = "<group>";
		};
		E59A219E25D89CE5009E0082 /* PresentBetter */ = {
			isa = PBXGroup;
			children = (
				E5134B4E25E833B40098C7E6 /* Images */,
				E5914D7825E75116009A0BC0 /* Fonts */,
				E5B7DDE025DA43CF00EBE2E5 /* emotion_image_input.mlmodel */,
				E59A219F25D89CE5009E0082 /* AppDelegate.swift */,
				E59A21A125D89CE5009E0082 /* SceneDelegate.swift */,
				E59A21A325D89CE5009E0082 /* PresentationView.swift */,
				E53AE91D25E80BF400479BF1 /* CustomGraphics.swift */,
				E5B7DDE325DAC49100EBE2E5 /* MLProvider.swift */,
				E59A21A525D89CE5009E0082 /* Main.storyboard */,
				E53AE92025E811F300479BF1 /* PresentationPreparationView.swift */,
				E59A21A825D89CE7009E0082 /* Assets.xcassets */,
				E59A21AA25D89CE7009E0082 /* LaunchScreen.storyboard */,
				E59A21AD25D89CE7009E0082 /* Info.plist */,
				E5D2723D25E351400026CF41 /* FeedbackView.swift */,
			);
			path = PresentBetter;
			sourceTree = "<group>";
		};
/* End PBXGroup section */

/* Begin PBXNativeTarget section */
		E59A219B25D89CE5009E0082 /* PresentBetter */ = {
			isa = PBXNativeTarget;
			buildConfigurationList = E59A21B025D89CE7009E0082 /* Build configuration list for PBXNativeTarget "PresentBetter" */;
			buildPhases = (
				E59A219825D89CE5009E0082 /* Sources */,
				E59A219925D89CE5009E0082 /* Frameworks */,
				E59A219A25D89CE5009E0082 /* Resources */,
			);
			buildRules = (
			);
			dependencies = (
			);
			name = PresentBetter;
			productName = PresentBetter;
			productReference = E59A219C25D89CE5009E0082 /* PresentBetter.app */;
			productType = "com.apple.product-type.application";
		};
/* End PBXNativeTarget section */

/* Begin PBXProject section */
		E59A219425D89CE5009E0082 /* Project object */ = {
			isa = PBXProject;
			attributes = {
				LastSwiftUpdateCheck = 1230;
				LastUpgradeCheck = 1230;
				TargetAttributes = {
					E59A219B25D89CE5009E0082 = {
						CreatedOnToolsVersion = 12.3;
					};
				};
			};
			buildConfigurationList = E59A219725D89CE5009E0082 /* Build configuration list for PBXProject "PresentBetter" */;
			compatibilityVersion = "Xcode 9.3";
			developmentRegion = en;
			hasScannedForEncodings = 0;
			knownRegions = (
				en,
				Base,
			);
			mainGroup = E59A219325D89CE5009E0082;
			productRefGroup = E59A219D25D89CE5009E0082 /* Products */;
			projectDirPath = "";
			projectRoot = "";
			targets = (
				E59A219B25D89CE5009E0082 /* PresentBetter */,
			);
		};
/* End PBXProject section */

/* Begin PBXResourcesBuildPhase section */
		E59A219A25D89CE5009E0082 /* Resources */ = {
			isa = PBXResourcesBuildPhase;
			buildActionMask = 2147483647;
			files = (
				E5914D8025E7540A009A0BC0 /* Montserrat-SemiBold.ttf in Resources */,
				E5914D8325E7577B009A0BC0 /* Now-Medium.otf in Resources */,
				E59A21AC25D89CE7009E0082 /* LaunchScreen.storyboard in Resources */,
				E5134B5725E835410098C7E6 /* ShapeArt.png in Resources */,
				E5914D7D25E752D5009A0BC0 /* Now-Bold.otf in Resources */,
				E5914D7A25E7516F009A0BC0 /* Now-Regular.otf in Resources */,
				E5914D8625E758D0009A0BC0 /* Oswald-VariableFont_wght.ttf in Resources */,
				E59A21A925D89CE7009E0082 /* Assets.xcassets in Resources */,
				E5914D8925E75941009A0BC0 /* Lato-Bold.ttf in Resources */,
				E59A21A725D89CE5009E0082 /* Main.storyboard in Resources */,
				E50160AF25E827BF0040966F /* Spartan-Bold.ttf in Resources */,
				E5134B5325E833C50098C7E6 /* PresentBetter.png in Resources */,
			);
			runOnlyForDeploymentPostprocessing = 0;
		};
/* End PBXResourcesBuildPhase section */

/* Begin PBXSourcesBuildPhase section */
		E59A219825D89CE5009E0082 /* Sources */ = {
			isa = PBXSourcesBuildPhase;
			buildActionMask = 2147483647;
			files = (
				E53AE92125E811F300479BF1 /* PresentationPreparationView.swift in Sources */,
				E59A21A425D89CE5009E0082 /* PresentationView.swift in Sources */,
				E59A21A025D89CE5009E0082 /* AppDelegate.swift in Sources */,
				E59A21A225D89CE5009E0082 /* SceneDelegate.swift in Sources */,
				E5B7DDE125DA43CF00EBE2E5 /* emotion_image_input.mlmodel in Sources */,
				E53AE91E25E80BF400479BF1 /* CustomGraphics.swift in Sources */,
				E5B7DDE425DAC49100EBE2E5 /* MLProvider.swift in Sources */,
				E5D2723E25E351400026CF41 /* FeedbackView.swift in Sources */,
			);
			runOnlyForDeploymentPostprocessing = 0;
		};
/* End PBXSourcesBuildPhase section */

/* Begin PBXVariantGroup section */
		E59A21A525D89CE5009E0082 /* Main.storyboard */ = {
			isa = PBXVariantGroup;
			children = (
				E59A21A625D89CE5009E0082 /* Base */,
			);
			name = Main.storyboard;
			sourceTree = "<group>";
		};
		E59A21AA25D89CE7009E0082 /* LaunchScreen.storyboard */ = {
			isa = PBXVariantGroup;
			children = (
				E59A21AB25D89CE7009E0082 /* Base */,
			);
			name = LaunchScreen.storyboard;
			sourceTree = "<group>";
		};
/* End PBXVariantGroup section */

/* Begin XCBuildConfiguration section */
		E59A21AE25D89CE7009E0082 /* Debug */ = {
			isa = XCBuildConfiguration;
			buildSettings = {
				ALWAYS_SEARCH_USER_PATHS = NO;
				CLANG_ANALYZER_NONNULL = YES;
				CLANG_ANALYZER_NUMBER_OBJECT_CONVERSION = YES_AGGRESSIVE;
				CLANG_CXX_LANGUAGE_STANDARD = "gnu++14";
				CLANG_CXX_LIBRARY = "libc++";
				CLANG_ENABLE_MODULES = YES;
				CLANG_ENABLE_OBJC_ARC = YES;
				CLANG_ENABLE_OBJC_WEAK = YES;
				CLANG_WARN_BLOCK_CAPTURE_AUTORELEASING = YES;
				CLANG_WARN_BOOL_CONVERSION = YES;
				CLANG_WARN_COMMA = YES;
				CLANG_WARN_CONSTANT_CONVERSION = YES;
				CLANG_WARN_DEPRECATED_OBJC_IMPLEMENTATIONS = YES;
				CLANG_WARN_DIRECT_OBJC_ISA_USAGE = YES_ERROR;
				CLANG_WARN_DOCUMENTATION_COMMENTS = YES;
				CLANG_WARN_EMPTY_BODY = YES;
				CLANG_WARN_ENUM_CONVERSION = YES;
				CLANG_WARN_INFINITE_RECURSION = YES;
				CLANG_WARN_INT_CONVERSION = YES;
				CLANG_WARN_NON_LITERAL_NULL_CONVERSION = YES;
				CLANG_WARN_OBJC_IMPLICIT_RETAIN_SELF = YES;
				CLANG_WARN_OBJC_LITERAL_CONVERSION = YES;
				CLANG_WARN_OBJC_ROOT_CLASS = YES_ERROR;
				CLANG_WARN_QUOTED_INCLUDE_IN_FRAMEWORK_HEADER = YES;
				CLANG_WARN_RANGE_LOOP_ANALYSIS = YES;
				CLANG_WARN_STRICT_PROTOTYPES = YES;
				CLANG_WARN_SUSPICIOUS_MOVE = YES;
				CLANG_WARN_UNGUARDED_AVAILABILITY = YES_AGGRESSIVE;
				CLANG_WARN_UNREACHABLE_CODE = YES;
				CLANG_WARN__DUPLICATE_METHOD_MATCH = YES;
				COPY_PHASE_STRIP = NO;
				DEBUG_INFORMATION_FORMAT = dwarf;
				ENABLE_STRICT_OBJC_MSGSEND = YES;
				ENABLE_TESTABILITY = YES;
				GCC_C_LANGUAGE_STANDARD = gnu11;
				GCC_DYNAMIC_NO_PIC = NO;
				GCC_NO_COMMON_BLOCKS = YES;
				GCC_OPTIMIZATION_LEVEL = 0;
				GCC_PREPROCESSOR_DEFINITIONS = (
					"DEBUG=1",
					"$(inherited)",
				);
				GCC_WARN_64_TO_32_BIT_CONVERSION = YES;
				GCC_WARN_ABOUT_RETURN_TYPE = YES_ERROR;
				GCC_WARN_UNDECLARED_SELECTOR = YES;
				GCC_WARN_UNINITIALIZED_AUTOS = YES_AGGRESSIVE;
				GCC_WARN_UNUSED_FUNCTION = YES;
				GCC_WARN_UNUSED_VARIABLE = YES;
				IPHONEOS_DEPLOYMENT_TARGET = 14.3;
				MTL_ENABLE_DEBUG_INFO = INCLUDE_SOURCE;
				MTL_FAST_MATH = YES;
				ONLY_ACTIVE_ARCH = YES;
				SDKROOT = iphoneos;
				SWIFT_ACTIVE_COMPILATION_CONDITIONS = DEBUG;
				SWIFT_OPTIMIZATION_LEVEL = "-Onone";
			};
			name = Debug;
		};
		E59A21AF25D89CE7009E0082 /* Release */ = {
			isa = XCBuildConfiguration;
			buildSettings = {
				ALWAYS_SEARCH_USER_PATHS = NO;
				CLANG_ANALYZER_NONNULL = YES;
				CLANG_ANALYZER_NUMBER_OBJECT_CONVERSION = YES_AGGRESSIVE;
				CLANG_CXX_LANGUAGE_STANDARD = "gnu++14";
				CLANG_CXX_LIBRARY = "libc++";
				CLANG_ENABLE_MODULES = YES;
				CLANG_ENABLE_OBJC_ARC = YES;
				CLANG_ENABLE_OBJC_WEAK = YES;
				CLANG_WARN_BLOCK_CAPTURE_AUTORELEASING = YES;
				CLANG_WARN_BOOL_CONVERSION = YES;
				CLANG_WARN_COMMA = YES;
				CLANG_WARN_CONSTANT_CONVERSION = YES;
				CLANG_WARN_DEPRECATED_OBJC_IMPLEMENTATIONS = YES;
				CLANG_WARN_DIRECT_OBJC_ISA_USAGE = YES_ERROR;
				CLANG_WARN_DOCUMENTATION_COMMENTS = YES;
				CLANG_WARN_EMPTY_BODY = YES;
				CLANG_WARN_ENUM_CONVERSION = YES;
				CLANG_WARN_INFINITE_RECURSION = YES;
				CLANG_WARN_INT_CONVERSION = YES;
				CLANG_WARN_NON_LITERAL_NULL_CONVERSION = YES;
				CLANG_WARN_OBJC_IMPLICIT_RETAIN_SELF = YES;
				CLANG_WARN_OBJC_LITERAL_CONVERSION = YES;
				CLANG_WARN_OBJC_ROOT_CLASS = YES_ERROR;
				CLANG_WARN_QUOTED_INCLUDE_IN_FRAMEWORK_HEADER = YES;
				CLANG_WARN_RANGE_LOOP_ANALYSIS = YES;
				CLANG_WARN_STRICT_PROTOTYPES = YES;
				CLANG_WARN_SUSPICIOUS_MOVE = YES;
				CLANG_WARN_UNGUARDED_AVAILABILITY = YES_AGGRESSIVE;
				CLANG_WARN_UNREACHABLE_CODE = YES;
				CLANG_WARN__DUPLICATE_METHOD_MATCH = YES;
				COPY_PHASE_STRIP = NO;
				DEBUG_INFORMATION_FORMAT = "dwarf-with-dsym";
				ENABLE_NS_ASSERTIONS = NO;
				ENABLE_STRICT_OBJC_MSGSEND = YES;
				GCC_C_LANGUAGE_STANDARD = gnu11;
				GCC_NO_COMMON_BLOCKS = YES;
				GCC_WARN_64_TO_32_BIT_CONVERSION = YES;
				GCC_WARN_ABOUT_RETURN_TYPE = YES_ERROR;
				GCC_WARN_UNDECLARED_SELECTOR = YES;
				GCC_WARN_UNINITIALIZED_AUTOS = YES_AGGRESSIVE;
				GCC_WARN_UNUSED_FUNCTION = YES;
				GCC_WARN_UNUSED_VARIABLE = YES;
				IPHONEOS_DEPLOYMENT_TARGET = 14.3;
				MTL_ENABLE_DEBUG_INFO = NO;
				MTL_FAST_MATH = YES;
				SDKROOT = iphoneos;
				SWIFT_COMPILATION_MODE = wholemodule;
				SWIFT_OPTIMIZATION_LEVEL = "-O";
				VALIDATE_PRODUCT = YES;
			};
			name = Release;
		};
		E59A21B125D89CE7009E0082 /* Debug */ = {
			isa = XCBuildConfiguration;
			buildSettings = {
				ASSETCATALOG_COMPILER_APPICON_NAME = AppIcon;
				ASSETCATALOG_COMPILER_GLOBAL_ACCENT_COLOR_NAME = AccentColor;
				CODE_SIGN_STYLE = Automatic;
				DEVELOPMENT_TEAM = 59R6ACD3LT;
				INFOPLIST_FILE = PresentBetter/Info.plist;
				IPHONEOS_DEPLOYMENT_TARGET = 14.0;
				LD_RUNPATH_SEARCH_PATHS = (
					"$(inherited)",
					"@executable_path/Frameworks",
				);
				PRODUCT_BUNDLE_IDENTIFIER = com.utoronto.PresentBetter;
				PRODUCT_NAME = "$(TARGET_NAME)";
				SWIFT_VERSION = 5.0;
				TARGETED_DEVICE_FAMILY = "1,2";
			};
			name = Debug;
		};
		E59A21B225D89CE7009E0082 /* Release */ = {
			isa = XCBuildConfiguration;
			buildSettings = {
				ASSETCATALOG_COMPILER_APPICON_NAME = AppIcon;
				ASSETCATALOG_COMPILER_GLOBAL_ACCENT_COLOR_NAME = AccentColor;
				CODE_SIGN_STYLE = Automatic;
				DEVELOPMENT_TEAM = 59R6ACD3LT;
				INFOPLIST_FILE = PresentBetter/Info.plist;
				IPHONEOS_DEPLOYMENT_TARGET = 14.0;
				LD_RUNPATH_SEARCH_PATHS = (
					"$(inherited)",
					"@executable_path/Frameworks",
				);
				PRODUCT_BUNDLE_IDENTIFIER = com.utoronto.PresentBetter;
				PRODUCT_NAME = "$(TARGET_NAME)";
				SWIFT_VERSION = 5.0;
				TARGETED_DEVICE_FAMILY = "1,2";
			};
			name = Release;
		};
/* End XCBuildConfiguration section */

/* Begin XCConfigurationList section */
		E59A219725D89CE5009E0082 /* Build configuration list for PBXProject "PresentBetter" */ = {
			isa = XCConfigurationList;
			buildConfigurations = (
				E59A21AE25D89CE7009E0082 /* Debug */,
				E59A21AF25D89CE7009E0082 /* Release */,
			);
			defaultConfigurationIsVisible = 0;
			defaultConfigurationName = Release;
		};
		E59A21B025D89CE7009E0082 /* Build configuration list for PBXNativeTarget "PresentBetter" */ = {
			isa = XCConfigurationList;
			buildConfigurations = (
				E59A21B125D89CE7009E0082 /* Debug */,
				E59A21B225D89CE7009E0082 /* Release */,
			);
			defaultConfigurationIsVisible = 0;
			defaultConfigurationName = Release;
		};
/* End XCConfigurationList section */
	};
	rootObject = E59A219425D89CE5009E0082 /* Project object */;
}
